
Microsoft Visual Studio Solution File, Format Version 12.00
Project("{FAE04EC0-301F-11D3-BF4B-00C04F79EFBC}") = "GetStartedApp", "GetStartedApp\GetStartedApp.csproj", "{44DCCCEB-AFBB-43FF-A7B7-E3F732EBCC27}"
EndProject
Global
	GlobalSection(SolutionConfigurationPlatforms) = preSolution
		Debug|Any CPU = Debug|Any CPU
		Release|Any CPU = Release|Any CPU
	EndGlobalSection
	GlobalSection(ProjectConfigurationPlatforms) = postSolution
		{44DCCCEB-AFBB-43FF-A7B7-E3F732EBCC27}.Debug|Any CPU.ActiveCfg = Debug|Any CPU
		{44DCCCEB-AFBB-43FF-A7B7-E3F732EBCC27}.Debug|Any CPU.Build.0 = Debug|Any CPU
		{44DCCCEB-AFBB-43FF-A7B7-E3F732EBCC27}.Release|Any CPU.ActiveCfg = Release|Any CPU
		{44DCCCEB-AFBB-43FF-A7B7-E3F732EBCC27}.Release|Any CPU.Build.0 = Release|Any CPU
	EndGlobalSection
EndGlobal
